// !$*UTF8*$!
{
	archiveVersion = 1;
	classes = {
	};
	objectVersion = 50;
	objects = {

/* Begin PBXBuildFile section */
		43276EC5274E8B0900AFE628 /* AppDelegate.swift in Sources */ = {isa = PBXBuildFile; fileRef = 43276EC4274E8B0900AFE628 /* AppDelegate.swift */; };
		43276EC7274E8B0900AFE628 /* SceneDelegate.swift in Sources */ = {isa = PBXBuildFile; fileRef = 43276EC6274E8B0900AFE628 /* SceneDelegate.swift */; };
		43276EC9274E8B0900AFE628 /* ContentView.swift in Sources */ = {isa = PBXBuildFile; fileRef = 43276EC8274E8B0900AFE628 /* ContentView.swift */; };
		43276ECB274E8B1300AFE628 /* Assets.xcassets in Resources */ = {isa = PBXBuildFile; fileRef = 43276ECA274E8B1300AFE628 /* Assets.xcassets */; };
		43276ECE274E8B1300AFE628 /* Preview Assets.xcassets in Resources */ = {isa = PBXBuildFile; fileRef = 43276ECD274E8B1300AFE628 /* Preview Assets.xcassets */; };
		43276ED1274E8B1300AFE628 /* LaunchScreen.storyboard in Resources */ = {isa = PBXBuildFile; fileRef = 43276ECF274E8B1300AFE628 /* LaunchScreen.storyboard */; };
/* End PBXBuildFile section */

/* Begin PBXFileReference section */
		43276EC1274E8B0900AFE628 /* YoutubeVideosSearchResults.app */ = {isa = PBXFileReference; explicitFileType = wrapper.application; includeInIndex = 0; path = YoutubeVideosSearchResults.app; sourceTree = BUILT_PRODUCTS_DIR; };
		43276EC4274E8B0900AFE628 /* AppDelegate.swift */ = {isa = PBXFileReference; lastKnownFileType = sourcecode.swift; path = AppDelegate.swift; sourceTree = "<group>"; };
		43276EC6274E8B0900AFE628 /* SceneDelegate.swift */ = {isa = PBXFileReference; lastKnownFileType = sourcecode.swift; path = SceneDelegate.swift; sourceTree = "<group>"; };
		43276EC8274E8B0900AFE628 /* ContentView.swift */ = {isa = PBXFileReference; lastKnownFileType = sourcecode.swift; path = ContentView.swift; sourceTree = "<group>"; };
		43276ECA274E8B1300AFE628 /* Assets.xcassets */ = {isa = PBXFileReference; lastKnownFileType = folder.assetcatalog; path = Assets.xcassets; sourceTree = "<group>"; };
		43276ECD274E8B1300AFE628 /* Preview Assets.xcassets */ = {isa = PBXFileReference; lastKnownFileType = folder.assetcatalog; path = "Preview Assets.xcassets"; sourceTree = "<group>"; };
		43276ED0274E8B1300AFE628 /* Base */ = {isa = PBXFileReference; lastKnownFileType = file.storyboard; name = Base; path = Base.lproj/LaunchScreen.storyboard; sourceTree = "<group>"; };
		43276ED2274E8B1300AFE628 /* Info.plist */ = {isa = PBXFileReference; lastKnownFileType = text.plist.xml; path = Info.plist; sourceTree = "<group>"; };
/* End PBXFileReference section */

/* Begin PBXFrameworksBuildPhase section */
		43276EBE274E8B0900AFE628 /* Frameworks */ = {
			isa = PBXFrameworksBuildPhase;
			buildActionMask = 2147483647;
			files = (
			);
			runOnlyForDeploymentPostprocessing = 0;
		};
/* End PBXFrameworksBuildPhase section */

/* Begin PBXGroup section */
		43276EB8274E8B0900AFE628 = {
			isa = PBXGroup;
			children = (
				43276EC3274E8B0900AFE628 /* YoutubeVideosSearchResults */,
				43276EC2274E8B0900AFE628 /* Products */,
			);
			sourceTree = "<group>";
		};
		43276EC2274E8B0900AFE628 /* Products */ = {
			isa = PBXGroup;
			children = (
				43276EC1274E8B0900AFE628 /* YoutubeVideosSearchResults.app */,
			);
			name = Products;
			sourceTree = "<group>";
		};
		43276EC3274E8B0900AFE628 /* YoutubeVideosSearchResults */ = {
			isa = PBXGroup;
			children = (
				43276EC4274E8B0900AFE628 /* AppDelegate.swift */,
				43276EC6274E8B0900AFE628 /* SceneDelegate.swift */,
				43276EC8274E8B0900AFE628 /* ContentView.swift */,
				43276ECA274E8B1300AFE628 /* Assets.xcassets */,
				43276ECF274E8B1300AFE628 /* LaunchScreen.storyboard */,
				43276ED2274E8B1300AFE628 /* Info.plist */,
				43276ECC274E8B1300AFE628 /* Preview Content */,
			);
			path = YoutubeVideosSearchResults;
			sourceTree = "<group>";
		};
		43276ECC274E8B1300AFE628 /* Preview Content */ = {
			isa = PBXGroup;
			children = (
				43276ECD274E8B1300AFE628 /* Preview Assets.xcassets */,
			);
			path = "Preview Content";
			sourceTree = "<group>";
		};
/* End PBXGroup section */

/* Begin PBXNativeTarget section */
		43276EC0274E8B0900AFE628 /* YoutubeVideosSearchResults */ = {
			isa = PBXNativeTarget;
			buildConfigurationList = 43276ED5274E8B1300AFE628 /* Build configuration list for PBXNativeTarget "YoutubeVideosSearchResults" */;
			buildPhases = (
				43276EBD274E8B0900AFE628 /* Sources */,
				43276EBE274E8B0900AFE628 /* Frameworks */,
				43276EBF274E8B0900AFE628 /* Resources */,
			);
			buildRules = (
			);
			dependencies = (
			);
			name = YoutubeVideosSearchResults;
			productName = YoutubeVideosSearchResults;
			productReference = 43276EC1274E8B0900AFE628 /* YoutubeVideosSearchResults.app */;
			productType = "com.apple.product-type.application";
		};
/* End PBXNativeTarget section */

/* Begin PBXProject section */
		43276EB9274E8B0900AFE628 /* Project object */ = {
			isa = PBXProject;
			attributes = {
				LastSwiftUpdateCheck = 1230;
				LastUpgradeCheck = 1230;
				TargetAttributes = {
					43276EC0274E8B0900AFE628 = {
						CreatedOnToolsVersion = 12.3;
					};
				};
			};
			buildConfigurationList = 43276EBC274E8B0900AFE628 /* Build configuration list for PBXProject "YoutubeVideosSearchResults" */;
			compatibilityVersion = "Xcode 9.3";
			developmentRegion = en;
			hasScannedForEncodings = 0;
			knownRegions = (
				en,
				Base,
			);
			mainGroup = 43276EB8274E8B0900AFE628;
			productRefGroup = 43276EC2274E8B0900AFE628 /* Products */;
			projectDirPath = "";
			projectRoot = "";
			targets = (
				43276EC0274E8B0900AFE628 /* YoutubeVideosSearchResults */,
			);
		};
/* End PBXProject section */

/* Begin PBXResourcesBuildPhase section */
		43276EBF274E8B0900AFE628 /* Resources */ = {
			isa = PBXResourcesBuildPhase;
			buildActionMask = 2147483647;
			files = (
				43276ED1274E8B1300AFE628 /* LaunchScreen.storyboard in Resources */,
				43276ECE274E8B1300AFE628 /* Preview Assets.xcassets in Resources */,
				43276ECB274E8B1300AFE628 /* Assets.xcassets in Resources */,
			);
			runOnlyForDeploymentPostprocessing = 0;
		};
/* End PBXResourcesBuildPhase section */

/* Begin PBXSourcesBuildPhase section */
		43276EBD274E8B0900AFE628 /* Sources */ = {
			isa = PBXSourcesBuildPhase;
			buildActionMask = 2147483647;
			files = (
				43276EC5274E8B0900AFE628 /* AppDelegate.swift in Sources */,
				43276EC7274E8B0900AFE628 /* SceneDelegate.swift in Sources */,
				43276EC9274E8B0900AFE628 /* ContentView.swift in Sources */,
			);
			runOnlyForDeploymentPostprocessing = 0;
		};
/* End PBXSourcesBuildPhase section */

/* Begin PBXVariantGroup section */
		43276ECF274E8B1300AFE628 /* LaunchScreen.storyboard */ = {
			isa = PBXVariantGroup;
			children = (
				43276ED0274E8B1300AFE628 /* Base */,
			);
			name = LaunchScreen.storyboard;
			sourceTree = "<group>";
		};
/* End PBXVariantGroup section */

/* Begin XCBuildConfiguration section */
		43276ED3274E8B1300AFE628 /* Debug */ = {
			isa = XCBuildConfiguration;
			buildSettings = {
				ALWAYS_SEARCH_USER_PATHS = NO;
				CLANG_ANALYZER_NONNULL = YES;
				CLANG_ANALYZER_NUMBER_OBJECT_CONVERSION = YES_AGGRESSIVE;
				CLANG_CXX_LANGUAGE_STANDARD = "gnu++14";
				CLANG_CXX_LIBRARY = "libc++";
				CLANG_ENABLE_MODULES = YES;
				CLANG_ENABLE_OBJC_ARC = YES;
				CLANG_ENABLE_OBJC_WEAK = YES;
				CLANG_WARN_BLOCK_CAPTURE_AUTORELEASING = YES;
				CLANG_WARN_BOOL_CONVERSION = YES;
				CLANG_WARN_COMMA = YES;
				CLANG_WARN_CONSTANT_CONVERSION = YES;
				CLANG_WARN_DEPRECATED_OBJC_IMPLEMENTATIONS = YES;
				CLANG_WARN_DIRECT_OBJC_ISA_USAGE = YES_ERROR;
				CLANG_WARN_DOCUMENTATION_COMMENTS = YES;
				CLANG_WARN_EMPTY_BODY = YES;
				CLANG_WARN_ENUM_CONVERSION = YES;
				CLANG_WARN_INFINITE_RECURSION = YES;
				CLANG_WARN_INT_CONVERSION = YES;
				CLANG_WARN_NON_LITERAL_NULL_CONVERSION = YES;
				CLANG_WARN_OBJC_IMPLICIT_RETAIN_SELF = YES;
				CLANG_WARN_OBJC_LITERAL_CONVERSION = YES;
				CLANG_WARN_OBJC_ROOT_CLASS = YES_ERROR;
				CLANG_WARN_QUOTED_INCLUDE_IN_FRAMEWORK_HEADER = YES;
				CLANG_WARN_RANGE_LOOP_ANALYSIS = YES;
				CLANG_WARN_STRICT_PROTOTYPES = YES;
				CLANG_WARN_SUSPICIOUS_MOVE = YES;
				CLANG_WARN_UNGUARDED_AVAILABILITY = YES_AGGRESSIVE;
				CLANG_WARN_UNREACHABLE_CODE = YES;
				CLANG_WARN__DUPLICATE_METHOD_MATCH = YES;
				COPY_PHASE_STRIP = NO;
				DEBUG_INFORMATION_FORMAT = dwarf;
				ENABLE_STRICT_OBJC_MSGSEND = YES;
				ENABLE_TESTABILITY = YES;
				GCC_C_LANGUAGE_STANDARD = gnu11;
				GCC_DYNAMIC_NO_PIC = NO;
				GCC_NO_COMMON_BLOCKS = YES;
				GCC_OPTIMIZATION_LEVEL = 0;
				GCC_PREPROCESSOR_DEFINITIONS = (
					"DEBUG=1",
					"$(inherited)",
				);
				GCC_WARN_64_TO_32_BIT_CONVERSION = YES;
				GCC_WARN_ABOUT_RETURN_TYPE = YES_ERROR;
				GCC_WARN_UNDECLARED_SELECTOR = YES;
				GCC_WARN_UNINITIALIZED_AUTOS = YES_AGGRESSIVE;
				GCC_WARN_UNUSED_FUNCTION = YES;
				GCC_WARN_UNUSED_VARIABLE = YES;
				IPHONEOS_DEPLOYMENT_TARGET = 14.3;
				MTL_ENABLE_DEBUG_INFO = INCLUDE_SOURCE;
				MTL_FAST_MATH = YES;
				ONLY_ACTIVE_ARCH = YES;
				SDKROOT = iphoneos;
				SWIFT_ACTIVE_COMPILATION_CONDITIONS = DEBUG;
				SWIFT_OPTIMIZATION_LEVEL = "-Onone";
			};
			name = Debug;
		};
		43276ED4274E8B1300AFE628 /* Release */ = {
			isa = XCBuildConfiguration;
			buildSettings = {
				ALWAYS_SEARCH_USER_PATHS = NO;
				CLANG_ANALYZER_NONNULL = YES;
				CLANG_ANALYZER_NUMBER_OBJECT_CONVERSION = YES_AGGRESSIVE;
				CLANG_CXX_LANGUAGE_STANDARD = "gnu++14";
				CLANG_CXX_LIBRARY = "libc++";
				CLANG_ENABLE_MODULES = YES;
				CLANG_ENABLE_OBJC_ARC = YES;
				CLANG_ENABLE_OBJC_WEAK = YES;
				CLANG_WARN_BLOCK_CAPTURE_AUTORELEASING = YES;
				CLANG_WARN_BOOL_CONVERSION = YES;
				CLANG_WARN_COMMA = YES;
				CLANG_WARN_CONSTANT_CONVERSION = YES;
				CLANG_WARN_DEPRECATED_OBJC_IMPLEMENTATIONS = YES;
				CLANG_WARN_DIRECT_OBJC_ISA_USAGE = YES_ERROR;
				CLANG_WARN_DOCUMENTATION_COMMENTS = YES;
				CLANG_WARN_EMPTY_BODY = YES;
				CLANG_WARN_ENUM_CONVERSION = YES;
				CLANG_WARN_INFINITE_RECURSION = YES;
				CLANG_WARN_INT_CONVERSION = YES;
				CLANG_WARN_NON_LITERAL_NULL_CONVERSION = YES;
				CLANG_WARN_OBJC_IMPLICIT_RETAIN_SELF = YES;
				CLANG_WARN_OBJC_LITERAL_CONVERSION = YES;
				CLANG_WARN_OBJC_ROOT_CLASS = YES_ERROR;
				CLANG_WARN_QUOTED_INCLUDE_IN_FRAMEWORK_HEADER = YES;
				CLANG_WARN_RANGE_LOOP_ANALYSIS = YES;
				CLANG_WARN_STRICT_PROTOTYPES = YES;
				CLANG_WARN_SUSPICIOUS_MOVE = YES;
				CLANG_WARN_UNGUARDED_AVAILABILITY = YES_AGGRESSIVE;
				CLANG_WARN_UNREACHABLE_CODE = YES;
				CLANG_WARN__DUPLICATE_METHOD_MATCH = YES;
				COPY_PHASE_STRIP = NO;
				DEBUG_INFORMATION_FORMAT = "dwarf-with-dsym";
				ENABLE_NS_ASSERTIONS = NO;
				ENABLE_STRICT_OBJC_MSGSEND = YES;
				GCC_C_LANGUAGE_STANDARD = gnu11;
				GCC_NO_COMMON_BLOCKS = YES;
				GCC_WARN_64_TO_32_BIT_CONVERSION = YES;
				GCC_WARN_ABOUT_RETURN_TYPE = YES_ERROR;
				GCC_WARN_UNDECLARED_SELECTOR = YES;
				GCC_WARN_UNINITIALIZED_AUTOS = YES_AGGRESSIVE;
				GCC_WARN_UNUSED_FUNCTION = YES;
				GCC_WARN_UNUSED_VARIABLE = YES;
				IPHONEOS_DEPLOYMENT_TARGET = 14.3;
				MTL_ENABLE_DEBUG_INFO = NO;
				MTL_FAST_MATH = YES;
				SDKROOT = iphoneos;
				SWIFT_COMPILATION_MODE = wholemodule;
				SWIFT_OPTIMIZATION_LEVEL = "-O";
				VALIDATE_PRODUCT = YES;
			};
			name = Release;
		};
		43276ED6274E8B1300AFE628 /* Debug */ = {
			isa = XCBuildConfiguration;
			buildSettings = {
				ASSETCATALOG_COMPILER_APPICON_NAME = AppIcon;
				ASSETCATALOG_COMPILER_GLOBAL_ACCENT_COLOR_NAME = AccentColor;
				CODE_SIGN_STYLE = Automatic;
				DEVELOPMENT_ASSET_PATHS = "\"YoutubeVideosSearchResults/Preview Content\"";
				ENABLE_PREVIEWS = YES;
				INFOPLIST_FILE = YoutubeVideosSearchResults/Info.plist;
				LD_RUNPATH_SEARCH_PATHS = (
					"$(inherited)",
					"@executable_path/Frameworks",
				);
				PRODUCT_BUNDLE_IDENTIFIER = com.imokhles.YoutubeVideosSearchResults;
				PRODUCT_NAME = "$(TARGET_NAME)";
				SWIFT_VERSION = 5.0;
				TARGETED_DEVICE_FAMILY = "1,2";
			};
			name = Debug;
		};
		43276ED7274E8B1300AFE628 /* Release */ = {
			isa = XCBuildConfiguration;
			buildSettings = {
				ASSETCATALOG_COMPILER_APPICON_NAME = AppIcon;
				ASSETCATALOG_COMPILER_GLOBAL_ACCENT_COLOR_NAME = AccentColor;
				CODE_SIGN_STYLE = Automatic;
				DEVELOPMENT_ASSET_PATHS = "\"YoutubeVideosSearchResults/Preview Content\"";
				ENABLE_PREVIEWS = YES;
				INFOPLIST_FILE = YoutubeVideosSearchResults/Info.plist;
				LD_RUNPATH_SEARCH_PATHS = (
					"$(inherited)",
					"@executable_path/Frameworks",
				);
				PRODUCT_BUNDLE_IDENTIFIER = com.imokhles.YoutubeVideosSearchResults;
				PRODUCT_NAME = "$(TARGET_NAME)";
				SWIFT_VERSION = 5.0;
				TARGETED_DEVICE_FAMILY = "1,2";
			};
			name = Release;
		};
/* End XCBuildConfiguration section */

/* Begin XCConfigurationList section */
		43276EBC274E8B0900AFE628 /* Build configuration list for PBXProject "YoutubeVideosSearchResults" */ = {
			isa = XCConfigurationList;
			buildConfigurations = (
				43276ED3274E8B1300AFE628 /* Debug */,
				43276ED4274E8B1300AFE628 /* Release */,
			);
			defaultConfigurationIsVisible = 0;
			defaultConfigurationName = Release;
		};
		43276ED5274E8B1300AFE628 /* Build configuration list for PBXNativeTarget "YoutubeVideosSearchResults" */ = {
			isa = XCConfigurationList;
			buildConfigurations = (
				43276ED6274E8B1300AFE628 /* Debug */,
				43276ED7274E8B1300AFE628 /* Release */,
			);
			defaultConfigurationIsVisible = 0;
			defaultConfigurationName = Release;
		};
/* End XCConfigurationList section */
	};
	rootObject = 43276EB9274E8B0900AFE628 /* Project object */;
}
